
Microsoft Visual Studio Solution File, Format Version 12.00
# Visual Studio 15
VisualStudioVersion = 15.0.26730.16
MinimumVisualStudioVersion = 10.0.40219.1
Project("{9A19103F-16F7-4668-BE54-9A1E7A4F7556}") = "ValueString", "src\ValueString.csproj", "{C6B910F3-D2ED-492B-B999-0E31CA0983E2}"
EndProject
Project("{9A19103F-16F7-4668-BE54-9A1E7A4F7556}") = "ValueString.Tests", "tests\ValueString.Tests.csproj", "{16BE5DEF-F8F6-4D9A-ADE7-3C9CBAEB597B}"
EndProject
Global
	GlobalSection(SolutionConfigurationPlatforms) = preSolution
		Debug|Any CPU = Debug|Any CPU
		Release|Any CPU = Release|Any CPU
	EndGlobalSection
	GlobalSection(ProjectConfigurationPlatforms) = postSolution
		{C6B910F3-D2ED-492B-B999-0E31CA0983E2}.Debug|Any CPU.ActiveCfg = Debug|Any CPU
		{C6B910F3-D2ED-492B-B999-0E31CA0983E2}.Debug|Any CPU.Build.0 = Debug|Any CPU
		{C6B910F3-D2ED-492B-B999-0E31CA0983E2}.Release|Any CPU.ActiveCfg = Release|Any CPU
		{C6B910F3-D2ED-492B-B999-0E31CA0983E2}.Release|Any CPU.Build.0 = Release|Any CPU
		{16BE5DEF-F8F6-4D9A-ADE7-3C9CBAEB597B}.Debug|Any CPU.ActiveCfg = Debug|Any CPU
		{16BE5DEF-F8F6-4D9A-ADE7-3C9CBAEB597B}.Debug|Any CPU.Build.0 = Debug|Any CPU
		{16BE5DEF-F8F6-4D9A-ADE7-3C9CBAEB597B}.Release|Any CPU.ActiveCfg = Release|Any CPU
		{16BE5DEF-F8F6-4D9A-ADE7-3C9CBAEB597B}.Release|Any CPU.Build.0 = Release|Any CPU
	EndGlobalSection
	GlobalSection(SolutionProperties) = preSolution
		HideSolutionNode = FALSE
	EndGlobalSection
	GlobalSection(ExtensibilityGlobals) = postSolution
		SolutionGuid = {E5419959-8694-49C3-96EB-6E01A4B2AEB4}
	EndGlobalSection
EndGlobal
